
Microsoft Visual Studio Solution File, Format Version 12.00
# Visual Studio 15
VisualStudioVersion = 15.0.28010.0
MinimumVisualStudioVersion = 10.0.40219.1
Project("{FAE04EC0-301F-11D3-BF4B-00C04F79EFBC}") = "WebApplication1", "WebApplication1\WebApplication1.csproj", "{FF580405-17E9-41CB-B40D-B9DC16B0FCE5}"
EndProject
Global
	GlobalSection(SolutionConfigurationPlatforms) = preSolution
		Debug|Any CPU = Debug|Any CPU
		Release|Any CPU = Release|Any CPU
	EndGlobalSection
	GlobalSection(ProjectConfigurationPlatforms) = postSolution
		{FF580405-17E9-41CB-B40D-B9DC16B0FCE5}.Debug|Any CPU.ActiveCfg = Debug|Any CPU
		{FF580405-17E9-41CB-B40D-B9DC16B0FCE5}.Debug|Any CPU.Build.0 = Debug|Any CPU
		{FF580405-17E9-41CB-B40D-B9DC16B0FCE5}.Release|Any CPU.ActiveCfg = Release|Any CPU
		{FF580405-17E9-41CB-B40D-B9DC16B0FCE5}.Release|Any CPU.Build.0 = Release|Any CPU
	EndGlobalSection
	GlobalSection(SolutionProperties) = preSolution
		HideSolutionNode = FALSE
	EndGlobalSection
	GlobalSection(ExtensibilityGlobals) = postSolution
		SolutionGuid = {2F4C498A-22EE-4705-B8DD-1EBD0307F5A2}
	EndGlobalSection
EndGlobal
